
Microsoft Visual Studio Solution File, Format Version 12.00
# Visual Studio Version 17
VisualStudioVersion = 17.8.34525.116
MinimumVisualStudioVersion = 10.0.40219.1
Project("{FAE04EC0-301F-11D3-BF4B-00C04F79EFBC}") = "ConsoleApp1", "ConsoleApp1.csproj", "{58B77CB0-E255-4A42-88EB-1B91B201F519}"
EndProject
Global
	GlobalSection(SolutionConfigurationPlatforms) = preSolution
		Debug|Any CPU = Debug|Any CPU
		Release|Any CPU = Release|Any CPU
	EndGlobalSection
	GlobalSection(ProjectConfigurationPlatforms) = postSolution
		{58B77CB0-E255-4A42-88EB-1B91B201F519}.Debug|Any CPU.ActiveCfg = Debug|Any CPU
		{58B77CB0-E255-4A42-88EB-1B91B201F519}.Debug|Any CPU.Build.0 = Debug|Any CPU
		{58B77CB0-E255-4A42-88EB-1B91B201F519}.Release|Any CPU.ActiveCfg = Release|Any CPU
		{58B77CB0-E255-4A42-88EB-1B91B201F519}.Release|Any CPU.Build.0 = Release|Any CPU
	EndGlobalSection
	GlobalSection(SolutionProperties) = preSolution
		HideSolutionNode = FALSE
	EndGlobalSection
	GlobalSection(ExtensibilityGlobals) = postSolution
		SolutionGuid = {8D7B54C1-A433-4280-A762-785F8E532752}
	EndGlobalSection
EndGlobal
